
Microsoft Visual Studio Solution File, Format Version 12.00
# Visual Studio 15
Project("{FAE04EC0-301F-11D3-BF4B-00C04F79EFBC}") = "quizdalis.iOS", "quizdalis.iOS\quizdalis.iOS.csproj", "{98199611-0B59-44C6-80B2-9B01022F0615}"
EndProject
Project("{FAE04EC0-301F-11D3-BF4B-00C04F79EFBC}") = "quizdalis", "quizdalis\quizdalis.csproj", "{80FF4D79-A794-4F8E-8DC3-F278BF57072B}"
EndProject
Project("{FAE04EC0-301F-11D3-BF4B-00C04F79EFBC}") = "quizdalis.Android", "quizdalis.Android\quizdalis.Android.csproj", "{0E31741B-77A4-4842-B2BA-4069278CDFC9}"
EndProject
Global
	GlobalSection(SolutionConfigurationPlatforms) = preSolution
		Debug|Any CPU = Debug|Any CPU
		Release|Any CPU = Release|Any CPU
		Debug|iPhoneSimulator = Debug|iPhoneSimulator
		Release|iPhoneSimulator = Release|iPhoneSimulator
		Debug|iPhone = Debug|iPhone
		Release|iPhone = Release|iPhone
	EndGlobalSection
	GlobalSection(ProjectConfigurationPlatforms) = postSolution
		{98199611-0B59-44C6-80B2-9B01022F0615}.Debug|Any CPU.ActiveCfg = Debug|iPhoneSimulator
		{98199611-0B59-44C6-80B2-9B01022F0615}.Debug|Any CPU.Build.0 = Debug|iPhoneSimulator
		{98199611-0B59-44C6-80B2-9B01022F0615}.Release|Any CPU.ActiveCfg = Release|iPhoneSimulator
		{98199611-0B59-44C6-80B2-9B01022F0615}.Release|Any CPU.Build.0 = Release|iPhoneSimulator
		{98199611-0B59-44C6-80B2-9B01022F0615}.Debug|iPhoneSimulator.ActiveCfg = Debug|iPhoneSimulator
		{98199611-0B59-44C6-80B2-9B01022F0615}.Debug|iPhoneSimulator.Build.0 = Debug|iPhoneSimulator
		{98199611-0B59-44C6-80B2-9B01022F0615}.Release|iPhoneSimulator.ActiveCfg = Release|iPhoneSimulator
		{98199611-0B59-44C6-80B2-9B01022F0615}.Release|iPhoneSimulator.Build.0 = Release|iPhoneSimulator
		{98199611-0B59-44C6-80B2-9B01022F0615}.Debug|iPhone.ActiveCfg = Debug|iPhone
		{98199611-0B59-44C6-80B2-9B01022F0615}.Debug|iPhone.Build.0 = Debug|iPhone
		{98199611-0B59-44C6-80B2-9B01022F0615}.Release|iPhone.ActiveCfg = Release|iPhone
		{98199611-0B59-44C6-80B2-9B01022F0615}.Release|iPhone.Build.0 = Release|iPhone
		{80FF4D79-A794-4F8E-8DC3-F278BF57072B}.Debug|Any CPU.ActiveCfg = Debug|Any CPU
		{80FF4D79-A794-4F8E-8DC3-F278BF57072B}.Debug|Any CPU.Build.0 = Debug|Any CPU
		{80FF4D79-A794-4F8E-8DC3-F278BF57072B}.Release|Any CPU.ActiveCfg = Release|Any CPU
		{80FF4D79-A794-4F8E-8DC3-F278BF57072B}.Release|Any CPU.Build.0 = Release|Any CPU
		{80FF4D79-A794-4F8E-8DC3-F278BF57072B}.Debug|iPhoneSimulator.ActiveCfg = Debug|Any CPU
		{80FF4D79-A794-4F8E-8DC3-F278BF57072B}.Debug|iPhoneSimulator.Build.0 = Debug|Any CPU
		{80FF4D79-A794-4F8E-8DC3-F278BF57072B}.Release|iPhoneSimulator.ActiveCfg = Release|Any CPU
		{80FF4D79-A794-4F8E-8DC3-F278BF57072B}.Release|iPhoneSimulator.Build.0 = Release|Any CPU
		{80FF4D79-A794-4F8E-8DC3-F278BF57072B}.Debug|iPhone.ActiveCfg = Debug|Any CPU
		{80FF4D79-A794-4F8E-8DC3-F278BF57072B}.Debug|iPhone.Build.0 = Debug|Any CPU
		{80FF4D79-A794-4F8E-8DC3-F278BF57072B}.Release|iPhone.ActiveCfg = Release|Any CPU
		{80FF4D79-A794-4F8E-8DC3-F278BF57072B}.Release|iPhone.Build.0 = Release|Any CPU
		{0E31741B-77A4-4842-B2BA-4069278CDFC9}.Debug|Any CPU.ActiveCfg = Debug|Any CPU
		{0E31741B-77A4-4842-B2BA-4069278CDFC9}.Debug|Any CPU.Build.0 = Debug|Any CPU
		{0E31741B-77A4-4842-B2BA-4069278CDFC9}.Release|Any CPU.ActiveCfg = Release|Any CPU
		{0E31741B-77A4-4842-B2BA-4069278CDFC9}.Release|Any CPU.Build.0 = Release|Any CPU
		{0E31741B-77A4-4842-B2BA-4069278CDFC9}.Debug|iPhoneSimulator.ActiveCfg = Debug|Any CPU
		{0E31741B-77A4-4842-B2BA-4069278CDFC9}.Debug|iPhoneSimulator.Build.0 = Debug|Any CPU
		{0E31741B-77A4-4842-B2BA-4069278CDFC9}.Release|iPhoneSimulator.ActiveCfg = Release|Any CPU
		{0E31741B-77A4-4842-B2BA-4069278CDFC9}.Release|iPhoneSimulator.Build.0 = Release|Any CPU
		{0E31741B-77A4-4842-B2BA-4069278CDFC9}.Debug|iPhone.ActiveCfg = Debug|Any CPU
		{0E31741B-77A4-4842-B2BA-4069278CDFC9}.Debug|iPhone.Build.0 = Debug|Any CPU
		{0E31741B-77A4-4842-B2BA-4069278CDFC9}.Release|iPhone.ActiveCfg = Release|Any CPU
		{0E31741B-77A4-4842-B2BA-4069278CDFC9}.Release|iPhone.Build.0 = Release|Any CPU
	EndGlobalSection
EndGlobal
